
Microsoft Visual Studio Solution File, Format Version 12.00
# Visual Studio 2012
Project("{FAE04EC0-301F-11D3-BF4B-00C04F79EFBC}") = "RfidBus.Service.Location", "RfidBus.Service.Location\RfidBus.Service.Location.csproj", "{73731147-2DBF-4426-81B3-451132C64743}"
EndProject
Project("{FAE04EC0-301F-11D3-BF4B-00C04F79EFBC}") = "RfidBus.Service.Location.Manager", "RfidBus.Service.Location.Manager\RfidBus.Service.Location.Manager.csproj", "{144670CB-6396-488C-A76D-2E03A3B69E78}"
EndProject
Global
	GlobalSection(SolutionConfigurationPlatforms) = preSolution
		Debug|Any CPU = Debug|Any CPU
		Release|Any CPU = Release|Any CPU
	EndGlobalSection
	GlobalSection(ProjectConfigurationPlatforms) = postSolution
		{73731147-2DBF-4426-81B3-451132C64743}.Debug|Any CPU.ActiveCfg = Debug|Any CPU
		{73731147-2DBF-4426-81B3-451132C64743}.Debug|Any CPU.Build.0 = Debug|Any CPU
		{73731147-2DBF-4426-81B3-451132C64743}.Release|Any CPU.ActiveCfg = Release|Any CPU
		{73731147-2DBF-4426-81B3-451132C64743}.Release|Any CPU.Build.0 = Release|Any CPU
		{144670CB-6396-488C-A76D-2E03A3B69E78}.Debug|Any CPU.ActiveCfg = Debug|Any CPU
		{144670CB-6396-488C-A76D-2E03A3B69E78}.Debug|Any CPU.Build.0 = Debug|Any CPU
		{144670CB-6396-488C-A76D-2E03A3B69E78}.Release|Any CPU.ActiveCfg = Release|Any CPU
		{144670CB-6396-488C-A76D-2E03A3B69E78}.Release|Any CPU.Build.0 = Release|Any CPU
	EndGlobalSection
	GlobalSection(SolutionProperties) = preSolution
		HideSolutionNode = FALSE
	EndGlobalSection
EndGlobal
